// !$*UTF8*$!
{
	archiveVersion = 1;
	classes = {
	};
	objectVersion = 46;
	objects = {

/* Begin PBXBuildFile section */
		58075A241D17626600F5441F /* main.m in Sources */ = {isa = PBXBuildFile; fileRef = 58075A231D17626600F5441F /* main.m */; };
		58075A271D17626600F5441F /* AppDelegate.m in Sources */ = {isa = PBXBuildFile; fileRef = 58075A261D17626600F5441F /* AppDelegate.m */; };
		58075A2A1D17626600F5441F /* ViewController.m in Sources */ = {isa = PBXBuildFile; fileRef = 58075A291D17626600F5441F /* ViewController.m */; };
		58075A2D1D17626600F5441F /* Main.storyboard in Resources */ = {isa = PBXBuildFile; fileRef = 58075A2B1D17626600F5441F /* Main.storyboard */; };
		58075A2F1D17626600F5441F /* Assets.xcassets in Resources */ = {isa = PBXBuildFile; fileRef = 58075A2E1D17626600F5441F /* Assets.xcassets */; };
		58075A321D17626600F5441F /* LaunchScreen.storyboard in Resources */ = {isa = PBXBuildFile; fileRef = 58075A301D17626600F5441F /* LaunchScreen.storyboard */; };
		58075A3D1D17626600F5441F /* NavivationToolItemTestTests.m in Sources */ = {isa = PBXBuildFile; fileRef = 58075A3C1D17626600F5441F /* NavivationToolItemTestTests.m */; };
		58075A481D17626600F5441F /* NavivationToolItemTestUITests.m in Sources */ = {isa = PBXBuildFile; fileRef = 58075A471D17626600F5441F /* NavivationToolItemTestUITests.m */; };
		58075A581D17656C00F5441F /* SecondViewController.m in Sources */ = {isa = PBXBuildFile; fileRef = 58075A561D17656C00F5441F /* SecondViewController.m */; };
		58075A591D17656C00F5441F /* SecondViewController.xib in Resources */ = {isa = PBXBuildFile; fileRef = 58075A571D17656C00F5441F /* SecondViewController.xib */; };
/* End PBXBuildFile section */

/* Begin PBXContainerItemProxy section */
		58075A391D17626600F5441F /* PBXContainerItemProxy */ = {
			isa = PBXContainerItemProxy;
			containerPortal = 58075A171D17626600F5441F /* Project object */;
			proxyType = 1;
			remoteGlobalIDString = 58075A1E1D17626600F5441F;
			remoteInfo = NavivationToolItemTest;
		};
		58075A441D17626600F5441F /* PBXContainerItemProxy */ = {
			isa = PBXContainerItemProxy;
			containerPortal = 58075A171D17626600F5441F /* Project object */;
			proxyType = 1;
			remoteGlobalIDString = 58075A1E1D17626600F5441F;
			remoteInfo = NavivationToolItemTest;
		};
/* End PBXContainerItemProxy section */

/* Begin PBXFileReference section */
		58075A1F1D17626600F5441F /* NavivationToolItemTest.app */ = {isa = PBXFileReference; explicitFileType = wrapper.application; includeInIndex = 0; path = NavivationToolItemTest.app; sourceTree = BUILT_PRODUCTS_DIR; };
		58075A231D17626600F5441F /* main.m */ = {isa = PBXFileReference; lastKnownFileType = sourcecode.c.objc; path = main.m; sourceTree = "<group>"; };
		58075A251D17626600F5441F /* AppDelegate.h */ = {isa = PBXFileReference; lastKnownFileType = sourcecode.c.h; path = AppDelegate.h; sourceTree = "<group>"; };
		58075A261D17626600F5441F /* AppDelegate.m */ = {isa = PBXFileReference; lastKnownFileType = sourcecode.c.objc; path = AppDelegate.m; sourceTree = "<group>"; };
		58075A281D17626600F5441F /* ViewController.h */ = {isa = PBXFileReference; lastKnownFileType = sourcecode.c.h; path = ViewController.h; sourceTree = "<group>"; };
		58075A291D17626600F5441F /* ViewController.m */ = {isa = PBXFileReference; lastKnownFileType = sourcecode.c.objc; path = ViewController.m; sourceTree = "<group>"; };
		58075A2C1D17626600F5441F /* Base */ = {isa = PBXFileReference; lastKnownFileType = file.storyboard; name = Base; path = Base.lproj/Main.storyboard; sourceTree = "<group>"; };
		58075A2E1D17626600F5441F /* Assets.xcassets */ = {isa = PBXFileReference; lastKnownFileType = folder.assetcatalog; path = Assets.xcassets; sourceTree = "<group>"; };
		58075A311D17626600F5441F /* Base */ = {isa = PBXFileReference; lastKnownFileType = file.storyboard; name = Base; path = Base.lproj/LaunchScreen.storyboard; sourceTree = "<group>"; };
		58075A331D17626600F5441F /* Info.plist */ = {isa = PBXFileReference; lastKnownFileType = text.plist.xml; path = Info.plist; sourceTree = "<group>"; };
		58075A381D17626600F5441F /* NavivationToolItemTestTests.xctest */ = {isa = PBXFileReference; explicitFileType = wrapper.cfbundle; includeInIndex = 0; path = NavivationToolItemTestTests.xctest; sourceTree = BUILT_PRODUCTS_DIR; };
		58075A3C1D17626600F5441F /* NavivationToolItemTestTests.m */ = {isa = PBXFileReference; lastKnownFileType = sourcecode.c.objc; path = NavivationToolItemTestTests.m; sourceTree = "<group>"; };
		58075A3E1D17626600F5441F /* Info.plist */ = {isa = PBXFileReference; lastKnownFileType = text.plist.xml; path = Info.plist; sourceTree = "<group>"; };
		58075A431D17626600F5441F /* NavivationToolItemTestUITests.xctest */ = {isa = PBXFileReference; explicitFileType = wrapper.cfbundle; includeInIndex = 0; path = NavivationToolItemTestUITests.xctest; sourceTree = BUILT_PRODUCTS_DIR; };
		58075A471D17626600F5441F /* NavivationToolItemTestUITests.m */ = {isa = PBXFileReference; lastKnownFileType = sourcecode.c.objc; path = NavivationToolItemTestUITests.m; sourceTree = "<group>"; };
		58075A491D17626600F5441F /* Info.plist */ = {isa = PBXFileReference; lastKnownFileType = text.plist.xml; path = Info.plist; sourceTree = "<group>"; };
		58075A551D17656C00F5441F /* SecondViewController.h */ = {isa = PBXFileReference; fileEncoding = 4; lastKnownFileType = sourcecode.c.h; path = SecondViewController.h; sourceTree = "<group>"; };
		58075A561D17656C00F5441F /* SecondViewController.m */ = {isa = PBXFileReference; fileEncoding = 4; lastKnownFileType = sourcecode.c.objc; path = SecondViewController.m; sourceTree = "<group>"; };
		58075A571D17656C00F5441F /* SecondViewController.xib */ = {isa = PBXFileReference; fileEncoding = 4; lastKnownFileType = file.xib; path = SecondViewController.xib; sourceTree = "<group>"; };
/* End PBXFileReference section */

/* Begin PBXFrameworksBuildPhase section */
		58075A1C1D17626600F5441F /* Frameworks */ = {
			isa = PBXFrameworksBuildPhase;
			buildActionMask = 2147483647;
			files = (
			);
			runOnlyForDeploymentPostprocessing = 0;
		};
		58075A351D17626600F5441F /* Frameworks */ = {
			isa = PBXFrameworksBuildPhase;
			buildActionMask = 2147483647;
			files = (
			);
			runOnlyForDeploymentPostprocessing = 0;
		};
		58075A401D17626600F5441F /* Frameworks */ = {
			isa = PBXFrameworksBuildPhase;
			buildActionMask = 2147483647;
			files = (
			);
			runOnlyForDeploymentPostprocessing = 0;
		};
/* End PBXFrameworksBuildPhase section */

/* Begin PBXGroup section */
		58075A161D17626600F5441F = {
			isa = PBXGroup;
			children = (
				58075A211D17626600F5441F /* NavivationToolItemTest */,
				58075A3B1D17626600F5441F /* NavivationToolItemTestTests */,
				58075A461D17626600F5441F /* NavivationToolItemTestUITests */,
				58075A201D17626600F5441F /* Products */,
			);
			sourceTree = "<group>";
		};
		58075A201D17626600F5441F /* Products */ = {
			isa = PBXGroup;
			children = (
				58075A1F1D17626600F5441F /* NavivationToolItemTest.app */,
				58075A381D17626600F5441F /* NavivationToolItemTestTests.xctest */,
				58075A431D17626600F5441F /* NavivationToolItemTestUITests.xctest */,
			);
			name = Products;
			sourceTree = "<group>";
		};
		58075A211D17626600F5441F /* NavivationToolItemTest */ = {
			isa = PBXGroup;
			children = (
				58075A251D17626600F5441F /* AppDelegate.h */,
				58075A551D17656C00F5441F /* SecondViewController.h */,
				58075A561D17656C00F5441F /* SecondViewController.m */,
				58075A571D17656C00F5441F /* SecondViewController.xib */,
				58075A261D17626600F5441F /* AppDelegate.m */,
				58075A281D17626600F5441F /* ViewController.h */,
				58075A291D17626600F5441F /* ViewController.m */,
				58075A2B1D17626600F5441F /* Main.storyboard */,
				58075A2E1D17626600F5441F /* Assets.xcassets */,
				58075A301D17626600F5441F /* LaunchScreen.storyboard */,
				58075A331D17626600F5441F /* Info.plist */,
				58075A221D17626600F5441F /* Supporting Files */,
			);
			path = NavivationToolItemTest;
			sourceTree = "<group>";
		};
		58075A221D17626600F5441F /* Supporting Files */ = {
			isa = PBXGroup;
			children = (
				58075A231D17626600F5441F /* main.m */,
			);
			name = "Supporting Files";
			sourceTree = "<group>";
		};
		58075A3B1D17626600F5441F /* NavivationToolItemTestTests */ = {
			isa = PBXGroup;
			children = (
				58075A3C1D17626600F5441F /* NavivationToolItemTestTests.m */,
				58075A3E1D17626600F5441F /* Info.plist */,
			);
			path = NavivationToolItemTestTests;
			sourceTree = "<group>";
		};
		58075A461D17626600F5441F /* NavivationToolItemTestUITests */ = {
			isa = PBXGroup;
			children = (
				58075A471D17626600F5441F /* NavivationToolItemTestUITests.m */,
				58075A491D17626600F5441F /* Info.plist */,
			);
			path = NavivationToolItemTestUITests;
			sourceTree = "<group>";
		};
/* End PBXGroup section */

/* Begin PBXNativeTarget section */
		58075A1E1D17626600F5441F /* NavivationToolItemTest */ = {
			isa = PBXNativeTarget;
			buildConfigurationList = 58075A4C1D17626600F5441F /* Build configuration list for PBXNativeTarget "NavivationToolItemTest" */;
			buildPhases = (
				58075A1B1D17626600F5441F /* Sources */,
				58075A1C1D17626600F5441F /* Frameworks */,
				58075A1D1D17626600F5441F /* Resources */,
			);
			buildRules = (
			);
			dependencies = (
			);
			name = NavivationToolItemTest;
			productName = NavivationToolItemTest;
			productReference = 58075A1F1D17626600F5441F /* NavivationToolItemTest.app */;
			productType = "com.apple.product-type.application";
		};
		58075A371D17626600F5441F /* NavivationToolItemTestTests */ = {
			isa = PBXNativeTarget;
			buildConfigurationList = 58075A4F1D17626600F5441F /* Build configuration list for PBXNativeTarget "NavivationToolItemTestTests" */;
			buildPhases = (
				58075A341D17626600F5441F /* Sources */,
				58075A351D17626600F5441F /* Frameworks */,
				58075A361D17626600F5441F /* Resources */,
			);
			buildRules = (
			);
			dependencies = (
				58075A3A1D17626600F5441F /* PBXTargetDependency */,
			);
			name = NavivationToolItemTestTests;
			productName = NavivationToolItemTestTests;
			productReference = 58075A381D17626600F5441F /* NavivationToolItemTestTests.xctest */;
			productType = "com.apple.product-type.bundle.unit-test";
		};
		58075A421D17626600F5441F /* NavivationToolItemTestUITests */ = {
			isa = PBXNativeTarget;
			buildConfigurationList = 58075A521D17626600F5441F /* Build configuration list for PBXNativeTarget "NavivationToolItemTestUITests" */;
			buildPhases = (
				58075A3F1D17626600F5441F /* Sources */,
				58075A401D17626600F5441F /* Frameworks */,
				58075A411D17626600F5441F /* Resources */,
			);
			buildRules = (
			);
			dependencies = (
				58075A451D17626600F5441F /* PBXTargetDependency */,
			);
			name = NavivationToolItemTestUITests;
			productName = NavivationToolItemTestUITests;
			productReference = 58075A431D17626600F5441F /* NavivationToolItemTestUITests.xctest */;
			productType = "com.apple.product-type.bundle.ui-testing";
		};
/* End PBXNativeTarget section */

/* Begin PBXProject section */
		58075A171D17626600F5441F /* Project object */ = {
			isa = PBXProject;
			attributes = {
				LastUpgradeCheck = 0730;
				ORGANIZATIONNAME = "Genming Zhao";
				TargetAttributes = {
					58075A1E1D17626600F5441F = {
						CreatedOnToolsVersion = 7.3.1;
					};
					58075A371D17626600F5441F = {
						CreatedOnToolsVersion = 7.3.1;
						TestTargetID = 58075A1E1D17626600F5441F;
					};
					58075A421D17626600F5441F = {
						CreatedOnToolsVersion = 7.3.1;
						TestTargetID = 58075A1E1D17626600F5441F;
					};
				};
			};
			buildConfigurationList = 58075A1A1D17626600F5441F /* Build configuration list for PBXProject "NavivationToolItemTest" */;
			compatibilityVersion = "Xcode 3.2";
			developmentRegion = English;
			hasScannedForEncodings = 0;
			knownRegions = (
				en,
				Base,
			);
			mainGroup = 58075A161D17626600F5441F;
			productRefGroup = 58075A201D17626600F5441F /* Products */;
			projectDirPath = "";
			projectRoot = "";
			targets = (
				58075A1E1D17626600F5441F /* NavivationToolItemTest */,
				58075A371D17626600F5441F /* NavivationToolItemTestTests */,
				58075A421D17626600F5441F /* NavivationToolItemTestUITests */,
			);
		};
/* End PBXProject section */

/* Begin PBXResourcesBuildPhase section */
		58075A1D1D17626600F5441F /* Resources */ = {
			isa = PBXResourcesBuildPhase;
			buildActionMask = 2147483647;
			files = (
				58075A591D17656C00F5441F /* SecondViewController.xib in Resources */,
				58075A321D17626600F5441F /* LaunchScreen.storyboard in Resources */,
				58075A2F1D17626600F5441F /* Assets.xcassets in Resources */,
				58075A2D1D17626600F5441F /* Main.storyboard in Resources */,
			);
			runOnlyForDeploymentPostprocessing = 0;
		};
		58075A361D17626600F5441F /* Resources */ = {
			isa = PBXResourcesBuildPhase;
			buildActionMask = 2147483647;
			files = (
			);
			runOnlyForDeploymentPostprocessing = 0;
		};
		58075A411D17626600F5441F /* Resources */ = {
			isa = PBXResourcesBuildPhase;
			buildActionMask = 2147483647;
			files = (
			);
			runOnlyForDeploymentPostprocessing = 0;
		};
/* End PBXResourcesBuildPhase section */

/* Begin PBXSourcesBuildPhase section */
		58075A1B1D17626600F5441F /* Sources */ = {
			isa = PBXSourcesBuildPhase;
			buildActionMask = 2147483647;
			files = (
				58075A581D17656C00F5441F /* SecondViewController.m in Sources */,
				58075A2A1D17626600F5441F /* ViewController.m in Sources */,
				58075A271D17626600F5441F /* AppDelegate.m in Sources */,
				58075A241D17626600F5441F /* main.m in Sources */,
			);
			runOnlyForDeploymentPostprocessing = 0;
		};
		58075A341D17626600F5441F /* Sources */ = {
			isa = PBXSourcesBuildPhase;
			buildActionMask = 2147483647;
			files = (
				58075A3D1D17626600F5441F /* NavivationToolItemTestTests.m in Sources */,
			);
			runOnlyForDeploymentPostprocessing = 0;
		};
		58075A3F1D17626600F5441F /* Sources */ = {
			isa = PBXSourcesBuildPhase;
			buildActionMask = 2147483647;
			files = (
				58075A481D17626600F5441F /* NavivationToolItemTestUITests.m in Sources */,
			);
			runOnlyForDeploymentPostprocessing = 0;
		};
/* End PBXSourcesBuildPhase section */

/* Begin PBXTargetDependency section */
		58075A3A1D17626600F5441F /* PBXTargetDependency */ = {
			isa = PBXTargetDependency;
			target = 58075A1E1D17626600F5441F /* NavivationToolItemTest */;
			targetProxy = 58075A391D17626600F5441F /* PBXContainerItemProxy */;
		};
		58075A451D17626600F5441F /* PBXTargetDependency */ = {
			isa = PBXTargetDependency;
			target = 58075A1E1D17626600F5441F /* NavivationToolItemTest */;
			targetProxy = 58075A441D17626600F5441F /* PBXContainerItemProxy */;
		};
/* End PBXTargetDependency section */

/* Begin PBXVariantGroup section */
		58075A2B1D17626600F5441F /* Main.storyboard */ = {
			isa = PBXVariantGroup;
			children = (
				58075A2C1D17626600F5441F /* Base */,
			);
			name = Main.storyboard;
			sourceTree = "<group>";
		};
		58075A301D17626600F5441F /* LaunchScreen.storyboard */ = {
			isa = PBXVariantGroup;
			children = (
				58075A311D17626600F5441F /* Base */,
			);
			name = LaunchScreen.storyboard;
			sourceTree = "<group>";
		};
/* End PBXVariantGroup section */

/* Begin XCBuildConfiguration section */
		58075A4A1D17626600F5441F /* Debug */ = {
			isa = XCBuildConfiguration;
			buildSettings = {
				ALWAYS_SEARCH_USER_PATHS = NO;
				CLANG_ANALYZER_NONNULL = YES;
				CLANG_CXX_LANGUAGE_STANDARD = "gnu++0x";
				CLANG_CXX_LIBRARY = "libc++";
				CLANG_ENABLE_MODULES = YES;
				CLANG_ENABLE_OBJC_ARC = YES;
				CLANG_WARN_BOOL_CONVERSION = YES;
				CLANG_WARN_CONSTANT_CONVERSION = YES;
				CLANG_WARN_DIRECT_OBJC_ISA_USAGE = YES_ERROR;
				CLANG_WARN_EMPTY_BODY = YES;
				CLANG_WARN_ENUM_CONVERSION = YES;
				CLANG_WARN_INT_CONVERSION = YES;
				CLANG_WARN_OBJC_ROOT_CLASS = YES_ERROR;
				CLANG_WARN_UNREACHABLE_CODE = YES;
				CLANG_WARN__DUPLICATE_METHOD_MATCH = YES;
				"CODE_SIGN_IDENTITY[sdk=iphoneos*]" = "iPhone Developer";
				COPY_PHASE_STRIP = NO;
				DEBUG_INFORMATION_FORMAT = dwarf;
				ENABLE_STRICT_OBJC_MSGSEND = YES;
				ENABLE_TESTABILITY = YES;
				GCC_C_LANGUAGE_STANDARD = gnu99;
				GCC_DYNAMIC_NO_PIC = NO;
				GCC_NO_COMMON_BLOCKS = YES;
				GCC_OPTIMIZATION_LEVEL = 0;
				GCC_PREPROCESSOR_DEFINITIONS = (
					"DEBUG=1",
					"$(inherited)",
				);
				GCC_WARN_64_TO_32_BIT_CONVERSION = YES;
				GCC_WARN_ABOUT_RETURN_TYPE = YES_ERROR;
				GCC_WARN_UNDECLARED_SELECTOR = YES;
				GCC_WARN_UNINITIALIZED_AUTOS = YES_AGGRESSIVE;
				GCC_WARN_UNUSED_FUNCTION = YES;
				GCC_WARN_UNUSED_VARIABLE = YES;
				IPHONEOS_DEPLOYMENT_TARGET = 9.3;
				MTL_ENABLE_DEBUG_INFO = YES;
				ONLY_ACTIVE_ARCH = YES;
				SDKROOT = iphoneos;
				TARGETED_DEVICE_FAMILY = "1,2";
			};
			name = Debug;
		};
		58075A4B1D17626600F5441F /* Release */ = {
			isa = XCBuildConfiguration;
			buildSettings = {
				ALWAYS_SEARCH_USER_PATHS = NO;
				CLANG_ANALYZER_NONNULL = YES;
				CLANG_CXX_LANGUAGE_STANDARD = "gnu++0x";
				CLANG_CXX_LIBRARY = "libc++";
				CLANG_ENABLE_MODULES = YES;
				CLANG_ENABLE_OBJC_ARC = YES;
				CLANG_WARN_BOOL_CONVERSION = YES;
				CLANG_WARN_CONSTANT_CONVERSION = YES;
				CLANG_WARN_DIRECT_OBJC_ISA_USAGE = YES_ERROR;
				CLANG_WARN_EMPTY_BODY = YES;
				CLANG_WARN_ENUM_CONVERSION = YES;
				CLANG_WARN_INT_CONVERSION = YES;
				CLANG_WARN_OBJC_ROOT_CLASS = YES_ERROR;
				CLANG_WARN_UNREACHABLE_CODE = YES;
				CLANG_WARN__DUPLICATE_METHOD_MATCH = YES;
				"CODE_SIGN_IDENTITY[sdk=iphoneos*]" = "iPhone Developer";
				COPY_PHASE_STRIP = NO;
				DEBUG_INFORMATION_FORMAT = "dwarf-with-dsym";
				ENABLE_NS_ASSERTIONS = NO;
				ENABLE_STRICT_OBJC_MSGSEND = YES;
				GCC_C_LANGUAGE_STANDARD = gnu99;
				GCC_NO_COMMON_BLOCKS = YES;
				GCC_WARN_64_TO_32_BIT_CONVERSION = YES;
				GCC_WARN_ABOUT_RETURN_TYPE = YES_ERROR;
				GCC_WARN_UNDECLARED_SELECTOR = YES;
				GCC_WARN_UNINITIALIZED_AUTOS = YES_AGGRESSIVE;
				GCC_WARN_UNUSED_FUNCTION = YES;
				GCC_WARN_UNUSED_VARIABLE = YES;
				IPHONEOS_DEPLOYMENT_TARGET = 9.3;
				MTL_ENABLE_DEBUG_INFO = NO;
				SDKROOT = iphoneos;
				TARGETED_DEVICE_FAMILY = "1,2";
				VALIDATE_PRODUCT = YES;
			};
			name = Release;
		};
		58075A4D1D17626600F5441F /* Debug */ = {
			isa = XCBuildConfiguration;
			buildSettings = {
				ASSETCATALOG_COMPILER_APPICON_NAME = AppIcon;
				INFOPLIST_FILE = NavivationToolItemTest/Info.plist;
				LD_RUNPATH_SEARCH_PATHS = "$(inherited) @executable_path/Frameworks";
				PRODUCT_BUNDLE_IDENTIFIER = genming.NavivationToolItemTest;
				PRODUCT_NAME = "$(TARGET_NAME)";
			};
			name = Debug;
		};
		58075A4E1D17626600F5441F /* Release */ = {
			isa = XCBuildConfiguration;
			buildSettings = {
				ASSETCATALOG_COMPILER_APPICON_NAME = AppIcon;
				INFOPLIST_FILE = NavivationToolItemTest/Info.plist;
				LD_RUNPATH_SEARCH_PATHS = "$(inherited) @executable_path/Frameworks";
				PRODUCT_BUNDLE_IDENTIFIER = genming.NavivationToolItemTest;
				PRODUCT_NAME = "$(TARGET_NAME)";
			};
			name = Release;
		};
		58075A501D17626600F5441F /* Debug */ = {
			isa = XCBuildConfiguration;
			buildSettings = {
				BUNDLE_LOADER = "$(TEST_HOST)";
				INFOPLIST_FILE = NavivationToolItemTestTests/Info.plist;
				LD_RUNPATH_SEARCH_PATHS = "$(inherited) @executable_path/Frameworks @loader_path/Frameworks";
				PRODUCT_BUNDLE_IDENTIFIER = genming.NavivationToolItemTestTests;
				PRODUCT_NAME = "$(TARGET_NAME)";
				TEST_HOST = "$(BUILT_PRODUCTS_DIR)/NavivationToolItemTest.app/NavivationToolItemTest";
			};
			name = Debug;
		};
		58075A511D17626600F5441F /* Release */ = {
			isa = XCBuildConfiguration;
			buildSettings = {
				BUNDLE_LOADER = "$(TEST_HOST)";
				INFOPLIST_FILE = NavivationToolItemTestTests/Info.plist;
				LD_RUNPATH_SEARCH_PATHS = "$(inherited) @executable_path/Frameworks @loader_path/Frameworks";
				PRODUCT_BUNDLE_IDENTIFIER = genming.NavivationToolItemTestTests;
				PRODUCT_NAME = "$(TARGET_NAME)";
				TEST_HOST = "$(BUILT_PRODUCTS_DIR)/NavivationToolItemTest.app/NavivationToolItemTest";
			};
			name = Release;
		};
		58075A531D17626600F5441F /* Debug */ = {
			isa = XCBuildConfiguration;
			buildSettings = {
				INFOPLIST_FILE = NavivationToolItemTestUITests/Info.plist;
				LD_RUNPATH_SEARCH_PATHS = "$(inherited) @executable_path/Frameworks @loader_path/Frameworks";
				PRODUCT_BUNDLE_IDENTIFIER = genming.NavivationToolItemTestUITests;
				PRODUCT_NAME = "$(TARGET_NAME)";
				TEST_TARGET_NAME = NavivationToolItemTest;
			};
			name = Debug;
		};
		58075A541D17626600F5441F /* Release */ = {
			isa = XCBuildConfiguration;
			buildSettings = {
				INFOPLIST_FILE = NavivationToolItemTestUITests/Info.plist;
				LD_RUNPATH_SEARCH_PATHS = "$(inherited) @executable_path/Frameworks @loader_path/Frameworks";
				PRODUCT_BUNDLE_IDENTIFIER = genming.NavivationToolItemTestUITests;
				PRODUCT_NAME = "$(TARGET_NAME)";
				TEST_TARGET_NAME = NavivationToolItemTest;
			};
			name = Release;
		};
/* End XCBuildConfiguration section */

/* Begin XCConfigurationList section */
		58075A1A1D17626600F5441F /* Build configuration list for PBXProject "NavivationToolItemTest" */ = {
			isa = XCConfigurationList;
			buildConfigurations = (
				58075A4A1D17626600F5441F /* Debug */,
				58075A4B1D17626600F5441F /* Release */,
			);
			defaultConfigurationIsVisible = 0;
			defaultConfigurationName = Release;
		};
		58075A4C1D17626600F5441F /* Build configuration list for PBXNativeTarget "NavivationToolItemTest" */ = {
			isa = XCConfigurationList;
			buildConfigurations = (
				58075A4D1D17626600F5441F /* Debug */,
				58075A4E1D17626600F5441F /* Release */,
			);
			defaultConfigurationIsVisible = 0;
			defaultConfigurationName = Release;
		};
		58075A4F1D17626600F5441F /* Build configuration list for PBXNativeTarget "NavivationToolItemTestTests" */ = {
			isa = XCConfigurationList;
			buildConfigurations = (
				58075A501D17626600F5441F /* Debug */,
				58075A511D17626600F5441F /* Release */,
			);
			defaultConfigurationIsVisible = 0;
			defaultConfigurationName = Release;
		};
		58075A521D17626600F5441F /* Build configuration list for PBXNativeTarget "NavivationToolItemTestUITests" */ = {
			isa = XCConfigurationList;
			buildConfigurations = (
				58075A531D17626600F5441F /* Debug */,
				58075A541D17626600F5441F /* Release */,
			);
			defaultConfigurationIsVisible = 0;
			defaultConfigurationName = Release;
		};
/* End XCConfigurationList section */
	};
	rootObject = 58075A171D17626600F5441F /* Project object */;
}
